dependencies:
- name: mariadb
  repository: https://charts.bitnami.com/bitnami
  version: 10.5.1
- name: postgresql
  repository: https://charts.bitnami.com/bitnami
  version: 11.9.13
- name: solr
  repository: https://charts.bitnami.com/bitnami
  version: 4.0.0
digest: sha256:2ab39258972591c3163f5749541e7d153f4426297b7f858a97fef4ade0d8e633
generated: "2022-12-14T22:12:23.895355+01:00"
