dependencies:
- name: mariadb
  repository: https://charts.bitnami.com/bitnami
  version: 10.5.1
- name: postgresql
  repository: https://charts.bitnami.com/bitnami
  version: 11.8.1
digest: sha256:c0e06c1d8cfaf95bc60c18f55ace68b0219e8eb9c609ee976caa48d6c5815d48
generated: "2022-09-12T12:40:46.366121+02:00"
